
Microsoft Visual Studio Solution File, Format Version 12.00
# Visual Studio Version 16
VisualStudioVersion = 16.0.31911.196
MinimumVisualStudioVersion = 10.0.40219.1
Project("{FAE04EC0-301F-11D3-BF4B-00C04F79EFBC}") = "FoodWebsite", "FoodWebsite\FoodWebsite.csproj", "{DE339C83-EC07-4108-809E-B873C85600A9}"
EndProject
Global
	GlobalSection(SolutionConfigurationPlatforms) = preSolution
		Debug|Any CPU = Debug|Any CPU
		Release|Any CPU = Release|Any CPU
	EndGlobalSection
	GlobalSection(ProjectConfigurationPlatforms) = postSolution
		{DE339C83-EC07-4108-809E-B873C85600A9}.Debug|Any CPU.ActiveCfg = Debug|Any CPU
		{DE339C83-EC07-4108-809E-B873C85600A9}.Debug|Any CPU.Build.0 = Debug|Any CPU
		{DE339C83-EC07-4108-809E-B873C85600A9}.Release|Any CPU.ActiveCfg = Release|Any CPU
		{DE339C83-EC07-4108-809E-B873C85600A9}.Release|Any CPU.Build.0 = Release|Any CPU
	EndGlobalSection
	GlobalSection(SolutionProperties) = preSolution
		HideSolutionNode = FALSE
	EndGlobalSection
	GlobalSection(ExtensibilityGlobals) = postSolution
		SolutionGuid = {238DE0E1-B8D0-4CB6-8FF7-181D2E907401}
	EndGlobalSection
EndGlobal
